
Microsoft Visual Studio Solution File, Format Version 12.00
# Visual Studio Version 17
VisualStudioVersion = 17.4.33110.190
MinimumVisualStudioVersion = 10.0.40219.1
Project("{FAE04EC0-301F-11D3-BF4B-00C04F79EFBC}") = "FrontendUIWebApplication", "FrontendUIWebApplication\FrontendUIWebApplication.csproj", "{893085B7-6A56-4BF5-B9D2-B3962E274C1D}"
EndProject
Global
	GlobalSection(SolutionConfigurationPlatforms) = preSolution
		Debug|Any CPU = Debug|Any CPU
		Release|Any CPU = Release|Any CPU
	EndGlobalSection
	GlobalSection(ProjectConfigurationPlatforms) = postSolution
		{893085B7-6A56-4BF5-B9D2-B3962E274C1D}.Debug|Any CPU.ActiveCfg = Debug|Any CPU
		{893085B7-6A56-4BF5-B9D2-B3962E274C1D}.Debug|Any CPU.Build.0 = Debug|Any CPU
		{893085B7-6A56-4BF5-B9D2-B3962E274C1D}.Release|Any CPU.ActiveCfg = Release|Any CPU
		{893085B7-6A56-4BF5-B9D2-B3962E274C1D}.Release|Any CPU.Build.0 = Release|Any CPU
	EndGlobalSection
	GlobalSection(SolutionProperties) = preSolution
		HideSolutionNode = FALSE
	EndGlobalSection
	GlobalSection(ExtensibilityGlobals) = postSolution
		SolutionGuid = {D513DDC9-D897-4D8D-B9C8-347158DBB5B8}
	EndGlobalSection
EndGlobal
